// !$*UTF8*$!
{
	archiveVersion = 1;
	classes = {
	};
	objectVersion = 50;
	objects = {

/* Begin PBXBuildFile section */
		782678B12775E0A9001E7F15 /* AppDelegate.swift in Sources */ = {isa = PBXBuildFile; fileRef = 782678B02775E0A9001E7F15 /* AppDelegate.swift */; };
		782678B52775E0AA001E7F15 /* LoginViewController.swift in Sources */ = {isa = PBXBuildFile; fileRef = 782678B42775E0AA001E7F15 /* LoginViewController.swift */; };
		782678BA2775E0AC001E7F15 /* Assets.xcassets in Resources */ = {isa = PBXBuildFile; fileRef = 782678B92775E0AC001E7F15 /* Assets.xcassets */; };
		782678BD2775E0AC001E7F15 /* LaunchScreen.storyboard in Resources */ = {isa = PBXBuildFile; fileRef = 782678BB2775E0AC001E7F15 /* LaunchScreen.storyboard */; };
		782678CA27779C34001E7F15 /* LoginView.swift in Sources */ = {isa = PBXBuildFile; fileRef = 782678C927779C34001E7F15 /* LoginView.swift */; };
		78FE44EB27799AD80095829A /* OnboardingContainerViewController.swift in Sources */ = {isa = PBXBuildFile; fileRef = 78FE44EA27799AD80095829A /* OnboardingContainerViewController.swift */; };
/* End PBXBuildFile section */

/* Begin PBXFileReference section */
		782678AD2775E0A9001E7F15 /* Baneky.app */ = {isa = PBXFileReference; explicitFileType = wrapper.application; includeInIndex = 0; path = Baneky.app; sourceTree = BUILT_PRODUCTS_DIR; };
		782678B02775E0A9001E7F15 /* AppDelegate.swift */ = {isa = PBXFileReference; lastKnownFileType = sourcecode.swift; path = AppDelegate.swift; sourceTree = "<group>"; };
		782678B42775E0AA001E7F15 /* LoginViewController.swift */ = {isa = PBXFileReference; lastKnownFileType = sourcecode.swift; path = LoginViewController.swift; sourceTree = "<group>"; };
		782678B92775E0AC001E7F15 /* Assets.xcassets */ = {isa = PBXFileReference; lastKnownFileType = folder.assetcatalog; path = Assets.xcassets; sourceTree = "<group>"; };
		782678BC2775E0AC001E7F15 /* Base */ = {isa = PBXFileReference; lastKnownFileType = file.storyboard; name = Base; path = Base.lproj/LaunchScreen.storyboard; sourceTree = "<group>"; };
		782678BE2775E0AC001E7F15 /* Info.plist */ = {isa = PBXFileReference; lastKnownFileType = text.plist.xml; path = Info.plist; sourceTree = "<group>"; };
		782678C927779C34001E7F15 /* LoginView.swift */ = {isa = PBXFileReference; lastKnownFileType = sourcecode.swift; path = LoginView.swift; sourceTree = "<group>"; };
		78FE44EA27799AD80095829A /* OnboardingContainerViewController.swift */ = {isa = PBXFileReference; lastKnownFileType = sourcecode.swift; path = OnboardingContainerViewController.swift; sourceTree = "<group>"; };
/* End PBXFileReference section */

/* Begin PBXFrameworksBuildPhase section */
		782678AA2775E0A9001E7F15 /* Frameworks */ = {
			isa = PBXFrameworksBuildPhase;
			buildActionMask = 2147483647;
			files = (
			);
			runOnlyForDeploymentPostprocessing = 0;
		};
/* End PBXFrameworksBuildPhase section */

/* Begin PBXGroup section */
		782678A42775E0A9001E7F15 = {
			isa = PBXGroup;
			children = (
				782678AF2775E0A9001E7F15 /* Baneky */,
				782678AE2775E0A9001E7F15 /* Products */,
			);
			sourceTree = "<group>";
		};
		782678AE2775E0A9001E7F15 /* Products */ = {
			isa = PBXGroup;
			children = (
				782678AD2775E0A9001E7F15 /* Baneky.app */,
			);
			name = Products;
			sourceTree = "<group>";
		};
		782678AF2775E0A9001E7F15 /* Baneky */ = {
			isa = PBXGroup;
			children = (
				78FE44E927799A7D0095829A /* Onboarding */,
				782678C727779BB9001E7F15 /* Files */,
				782678C827779BC3001E7F15 /* Login */,
				782678B02775E0A9001E7F15 /* AppDelegate.swift */,
			);
			path = Baneky;
			sourceTree = "<group>";
		};
		782678C727779BB9001E7F15 /* Files */ = {
			isa = PBXGroup;
			children = (
				782678B92775E0AC001E7F15 /* Assets.xcassets */,
				782678BB2775E0AC001E7F15 /* LaunchScreen.storyboard */,
				782678BE2775E0AC001E7F15 /* Info.plist */,
			);
			name = Files;
			sourceTree = "<group>";
		};
		782678C827779BC3001E7F15 /* Login */ = {
			isa = PBXGroup;
			children = (
				782678B42775E0AA001E7F15 /* LoginViewController.swift */,
				782678C927779C34001E7F15 /* LoginView.swift */,
			);
			path = Login;
			sourceTree = "<group>";
		};
		78FE44E927799A7D0095829A /* Onboarding */ = {
			isa = PBXGroup;
			children = (
				78FE44EA27799AD80095829A /* OnboardingContainerViewController.swift */,
			);
			path = Onboarding;
			sourceTree = "<group>";
		};
/* End PBXGroup section */

/* Begin PBXNativeTarget section */
		782678AC2775E0A9001E7F15 /* Baneky */ = {
			isa = PBXNativeTarget;
			buildConfigurationList = 782678C12775E0AC001E7F15 /* Build configuration list for PBXNativeTarget "Baneky" */;
			buildPhases = (
				782678A92775E0A9001E7F15 /* Sources */,
				782678AA2775E0A9001E7F15 /* Frameworks */,
				782678AB2775E0A9001E7F15 /* Resources */,
			);
			buildRules = (
			);
			dependencies = (
			);
			name = Baneky;
			productName = Baneky;
			productReference = 782678AD2775E0A9001E7F15 /* Baneky.app */;
			productType = "com.apple.product-type.application";
		};
/* End PBXNativeTarget section */

/* Begin PBXProject section */
		782678A52775E0A9001E7F15 /* Project object */ = {
			isa = PBXProject;
			attributes = {
				LastSwiftUpdateCheck = 1250;
				LastUpgradeCheck = 1250;
				TargetAttributes = {
					782678AC2775E0A9001E7F15 = {
						CreatedOnToolsVersion = 12.5.1;
					};
				};
			};
			buildConfigurationList = 782678A82775E0A9001E7F15 /* Build configuration list for PBXProject "Baneky" */;
			compatibilityVersion = "Xcode 9.3";
			developmentRegion = en;
			hasScannedForEncodings = 0;
			knownRegions = (
				en,
				Base,
			);
			mainGroup = 782678A42775E0A9001E7F15;
			productRefGroup = 782678AE2775E0A9001E7F15 /* Products */;
			projectDirPath = "";
			projectRoot = "";
			targets = (
				782678AC2775E0A9001E7F15 /* Baneky */,
			);
		};
/* End PBXProject section */

/* Begin PBXResourcesBuildPhase section */
		782678AB2775E0A9001E7F15 /* Resources */ = {
			isa = PBXResourcesBuildPhase;
			buildActionMask = 2147483647;
			files = (
				782678BD2775E0AC001E7F15 /* LaunchScreen.storyboard in Resources */,
				782678BA2775E0AC001E7F15 /* Assets.xcassets in Resources */,
			);
			runOnlyForDeploymentPostprocessing = 0;
		};
/* End PBXResourcesBuildPhase section */

/* Begin PBXSourcesBuildPhase section */
		782678A92775E0A9001E7F15 /* Sources */ = {
			isa = PBXSourcesBuildPhase;
			buildActionMask = 2147483647;
			files = (
				782678CA27779C34001E7F15 /* LoginView.swift in Sources */,
				782678B52775E0AA001E7F15 /* LoginViewController.swift in Sources */,
				782678B12775E0A9001E7F15 /* AppDelegate.swift in Sources */,
				78FE44EB27799AD80095829A /* OnboardingContainerViewController.swift in Sources */,
			);
			runOnlyForDeploymentPostprocessing = 0;
		};
/* End PBXSourcesBuildPhase section */

/* Begin PBXVariantGroup section */
		782678BB2775E0AC001E7F15 /* LaunchScreen.storyboard */ = {
			isa = PBXVariantGroup;
			children = (
				782678BC2775E0AC001E7F15 /* Base */,
			);
			name = LaunchScreen.storyboard;
			sourceTree = "<group>";
		};
/* End PBXVariantGroup section */

/* Begin XCBuildConfiguration section */
		782678BF2775E0AC001E7F15 /* Debug */ = {
			isa = XCBuildConfiguration;
			buildSettings = {
				ALWAYS_SEARCH_USER_PATHS = NO;
				CLANG_ANALYZER_NONNULL = YES;
				CLANG_ANALYZER_NUMBER_OBJECT_CONVERSION = YES_AGGRESSIVE;
				CLANG_CXX_LANGUAGE_STANDARD = "gnu++14";
				CLANG_CXX_LIBRARY = "libc++";
				CLANG_ENABLE_MODULES = YES;
				CLANG_ENABLE_OBJC_ARC = YES;
				CLANG_ENABLE_OBJC_WEAK = YES;
				CLANG_WARN_BLOCK_CAPTURE_AUTORELEASING = YES;
				CLANG_WARN_BOOL_CONVERSION = YES;
				CLANG_WARN_COMMA = YES;
				CLANG_WARN_CONSTANT_CONVERSION = YES;
				CLANG_WARN_DEPRECATED_OBJC_IMPLEMENTATIONS = YES;
				CLANG_WARN_DIRECT_OBJC_ISA_USAGE = YES_ERROR;
				CLANG_WARN_DOCUMENTATION_COMMENTS = YES;
				CLANG_WARN_EMPTY_BODY = YES;
				CLANG_WARN_ENUM_CONVERSION = YES;
				CLANG_WARN_INFINITE_RECURSION = YES;
				CLANG_WARN_INT_CONVERSION = YES;
				CLANG_WARN_NON_LITERAL_NULL_CONVERSION = YES;
				CLANG_WARN_OBJC_IMPLICIT_RETAIN_SELF = YES;
				CLANG_WARN_OBJC_LITERAL_CONVERSION = YES;
				CLANG_WARN_OBJC_ROOT_CLASS = YES_ERROR;
				CLANG_WARN_QUOTED_INCLUDE_IN_FRAMEWORK_HEADER = YES;
				CLANG_WARN_RANGE_LOOP_ANALYSIS = YES;
				CLANG_WARN_STRICT_PROTOTYPES = YES;
				CLANG_WARN_SUSPICIOUS_MOVE = YES;
				CLANG_WARN_UNGUARDED_AVAILABILITY = YES_AGGRESSIVE;
				CLANG_WARN_UNREACHABLE_CODE = YES;
				CLANG_WARN__DUPLICATE_METHOD_MATCH = YES;
				COPY_PHASE_STRIP = NO;
				DEBUG_INFORMATION_FORMAT = dwarf;
				ENABLE_STRICT_OBJC_MSGSEND = YES;
				ENABLE_TESTABILITY = YES;
				GCC_C_LANGUAGE_STANDARD = gnu11;
				GCC_DYNAMIC_NO_PIC = NO;
				GCC_NO_COMMON_BLOCKS = YES;
				GCC_OPTIMIZATION_LEVEL = 0;
				GCC_PREPROCESSOR_DEFINITIONS = (
					"DEBUG=1",
					"$(inherited)",
				);
				GCC_WARN_64_TO_32_BIT_CONVERSION = YES;
				GCC_WARN_ABOUT_RETURN_TYPE = YES_ERROR;
				GCC_WARN_UNDECLARED_SELECTOR = YES;
				GCC_WARN_UNINITIALIZED_AUTOS = YES_AGGRESSIVE;
				GCC_WARN_UNUSED_FUNCTION = YES;
				GCC_WARN_UNUSED_VARIABLE = YES;
				IPHONEOS_DEPLOYMENT_TARGET = 14.5;
				MTL_ENABLE_DEBUG_INFO = INCLUDE_SOURCE;
				MTL_FAST_MATH = YES;
				ONLY_ACTIVE_ARCH = YES;
				SDKROOT = iphoneos;
				SWIFT_ACTIVE_COMPILATION_CONDITIONS = DEBUG;
				SWIFT_OPTIMIZATION_LEVEL = "-Onone";
			};
			name = Debug;
		};
		782678C02775E0AC001E7F15 /* Release */ = {
			isa = XCBuildConfiguration;
			buildSettings = {
				ALWAYS_SEARCH_USER_PATHS = NO;
				CLANG_ANALYZER_NONNULL = YES;
				CLANG_ANALYZER_NUMBER_OBJECT_CONVERSION = YES_AGGRESSIVE;
				CLANG_CXX_LANGUAGE_STANDARD = "gnu++14";
				CLANG_CXX_LIBRARY = "libc++";
				CLANG_ENABLE_MODULES = YES;
				CLANG_ENABLE_OBJC_ARC = YES;
				CLANG_ENABLE_OBJC_WEAK = YES;
				CLANG_WARN_BLOCK_CAPTURE_AUTORELEASING = YES;
				CLANG_WARN_BOOL_CONVERSION = YES;
				CLANG_WARN_COMMA = YES;
				CLANG_WARN_CONSTANT_CONVERSION = YES;
				CLANG_WARN_DEPRECATED_OBJC_IMPLEMENTATIONS = YES;
				CLANG_WARN_DIRECT_OBJC_ISA_USAGE = YES_ERROR;
				CLANG_WARN_DOCUMENTATION_COMMENTS = YES;
				CLANG_WARN_EMPTY_BODY = YES;
				CLANG_WARN_ENUM_CONVERSION = YES;
				CLANG_WARN_INFINITE_RECURSION = YES;
				CLANG_WARN_INT_CONVERSION = YES;
				CLANG_WARN_NON_LITERAL_NULL_CONVERSION = YES;
				CLANG_WARN_OBJC_IMPLICIT_RETAIN_SELF = YES;
				CLANG_WARN_OBJC_LITERAL_CONVERSION = YES;
				CLANG_WARN_OBJC_ROOT_CLASS = YES_ERROR;
				CLANG_WARN_QUOTED_INCLUDE_IN_FRAMEWORK_HEADER = YES;
				CLANG_WARN_RANGE_LOOP_ANALYSIS = YES;
				CLANG_WARN_STRICT_PROTOTYPES = YES;
				CLANG_WARN_SUSPICIOUS_MOVE = YES;
				CLANG_WARN_UNGUARDED_AVAILABILITY = YES_AGGRESSIVE;
				CLANG_WARN_UNREACHABLE_CODE = YES;
				CLANG_WARN__DUPLICATE_METHOD_MATCH = YES;
				COPY_PHASE_STRIP = NO;
				DEBUG_INFORMATION_FORMAT = "dwarf-with-dsym";
				ENABLE_NS_ASSERTIONS = NO;
				ENABLE_STRICT_OBJC_MSGSEND = YES;
				GCC_C_LANGUAGE_STANDARD = gnu11;
				GCC_NO_COMMON_BLOCKS = YES;
				GCC_WARN_64_TO_32_BIT_CONVERSION = YES;
				GCC_WARN_ABOUT_RETURN_TYPE = YES_ERROR;
				GCC_WARN_UNDECLARED_SELECTOR = YES;
				GCC_WARN_UNINITIALIZED_AUTOS = YES_AGGRESSIVE;
				GCC_WARN_UNUSED_FUNCTION = YES;
				GCC_WARN_UNUSED_VARIABLE = YES;
				IPHONEOS_DEPLOYMENT_TARGET = 14.5;
				MTL_ENABLE_DEBUG_INFO = NO;
				MTL_FAST_MATH = YES;
				SDKROOT = iphoneos;
				SWIFT_COMPILATION_MODE = wholemodule;
				SWIFT_OPTIMIZATION_LEVEL = "-O";
				VALIDATE_PRODUCT = YES;
			};
			name = Release;
		};
		782678C22775E0AC001E7F15 /* Debug */ = {
			isa = XCBuildConfiguration;
			buildSettings = {
				ASSETCATALOG_COMPILER_APPICON_NAME = AppIcon;
				ASSETCATALOG_COMPILER_GLOBAL_ACCENT_COLOR_NAME = AccentColor;
				CODE_SIGN_STYLE = Automatic;
				INFOPLIST_FILE = Baneky/Info.plist;
				IPHONEOS_DEPLOYMENT_TARGET = 14.5;
				LD_RUNPATH_SEARCH_PATHS = (
					"$(inherited)",
					"@executable_path/Frameworks",
				);
				PRODUCT_BUNDLE_IDENTIFIER = com.amish.Baneky;
				PRODUCT_NAME = "$(TARGET_NAME)";
				SWIFT_VERSION = 5.0;
				TARGETED_DEVICE_FAMILY = "1,2";
			};
			name = Debug;
		};
		782678C32775E0AC001E7F15 /* Release */ = {
			isa = XCBuildConfiguration;
			buildSettings = {
				ASSETCATALOG_COMPILER_APPICON_NAME = AppIcon;
				ASSETCATALOG_COMPILER_GLOBAL_ACCENT_COLOR_NAME = AccentColor;
				CODE_SIGN_STYLE = Automatic;
				INFOPLIST_FILE = Baneky/Info.plist;
				IPHONEOS_DEPLOYMENT_TARGET = 14.5;
				LD_RUNPATH_SEARCH_PATHS = (
					"$(inherited)",
					"@executable_path/Frameworks",
				);
				PRODUCT_BUNDLE_IDENTIFIER = com.amish.Baneky;
				PRODUCT_NAME = "$(TARGET_NAME)";
				SWIFT_VERSION = 5.0;
				TARGETED_DEVICE_FAMILY = "1,2";
			};
			name = Release;
		};
/* End XCBuildConfiguration section */

/* Begin XCConfigurationList section */
		782678A82775E0A9001E7F15 /* Build configuration list for PBXProject "Baneky" */ = {
			isa = XCConfigurationList;
			buildConfigurations = (
				782678BF2775E0AC001E7F15 /* Debug */,
				782678C02775E0AC001E7F15 /* Release */,
			);
			defaultConfigurationIsVisible = 0;
			defaultConfigurationName = Release;
		};
		782678C12775E0AC001E7F15 /* Build configuration list for PBXNativeTarget "Baneky" */ = {
			isa = XCConfigurationList;
			buildConfigurations = (
				782678C22775E0AC001E7F15 /* Debug */,
				782678C32775E0AC001E7F15 /* Release */,
			);
			defaultConfigurationIsVisible = 0;
			defaultConfigurationName = Release;
		};
/* End XCConfigurationList section */
	};
	rootObject = 782678A52775E0A9001E7F15 /* Project object */;
}
